
Microsoft Visual Studio Solution File, Format Version 12.00
# Visual Studio 15
Project("{FAE04EC0-301F-11D3-BF4B-00C04F79EFBC}") = "Assembly-CSharp", "Assembly-CSharp.csproj", "{ACB1AB11-F780-86C3-99C4-423CA00452ED}"
EndProject
Global
	GlobalSection(SolutionConfigurationPlatforms) = preSolution
		Debug|Any CPU = Debug|Any CPU
		Release|Any CPU = Release|Any CPU
	EndGlobalSection
	GlobalSection(ProjectConfigurationPlatforms) = postSolution
		{ACB1AB11-F780-86C3-99C4-423CA00452ED}.Debug|Any CPU.ActiveCfg = Debug|Any CPU
		{ACB1AB11-F780-86C3-99C4-423CA00452ED}.Debug|Any CPU.Build.0 = Debug|Any CPU
		{ACB1AB11-F780-86C3-99C4-423CA00452ED}.Release|Any CPU.ActiveCfg = Release|Any CPU
		{ACB1AB11-F780-86C3-99C4-423CA00452ED}.Release|Any CPU.Build.0 = Release|Any CPU
	EndGlobalSection
	GlobalSection(SolutionProperties) = preSolution
		HideSolutionNode = FALSE
	EndGlobalSection
EndGlobal
